
Microsoft Visual Studio Solution File, Format Version 12.00
# Visual Studio 15
VisualStudioVersion = 15.0.27004.2005
MinimumVisualStudioVersion = 10.0.40219.1
Project("{FAE04EC0-301F-11D3-BF4B-00C04F79EFBC}") = "Apex", "Apex\Apex.csproj", "{FE5401F5-B3B2-4605-85E6-3FEC06A7AD98}"
EndProject
Global
	GlobalSection(SolutionConfigurationPlatforms) = preSolution
		Debug|Any CPU = Debug|Any CPU
		Release|Any CPU = Release|Any CPU
	EndGlobalSection
	GlobalSection(ProjectConfigurationPlatforms) = postSolution
		{FE5401F5-B3B2-4605-85E6-3FEC06A7AD98}.Debug|Any CPU.ActiveCfg = Debug|Any CPU
		{FE5401F5-B3B2-4605-85E6-3FEC06A7AD98}.Debug|Any CPU.Build.0 = Debug|Any CPU
		{FE5401F5-B3B2-4605-85E6-3FEC06A7AD98}.Release|Any CPU.ActiveCfg = Release|Any CPU
		{FE5401F5-B3B2-4605-85E6-3FEC06A7AD98}.Release|Any CPU.Build.0 = Release|Any CPU
	EndGlobalSection
	GlobalSection(SolutionProperties) = preSolution
		HideSolutionNode = FALSE
	EndGlobalSection
	GlobalSection(ExtensibilityGlobals) = postSolution
		SolutionGuid = {902F3BCF-2A27-4EAA-BE65-FD15D85AAE54}
	EndGlobalSection
EndGlobal
